
Microsoft Visual Studio Solution File, Format Version 12.00
# Visual Studio Version 16
VisualStudioVersion = 16.0.32802.440
MinimumVisualStudioVersion = 10.0.40219.1
Project("{9A19103F-16F7-4668-BE54-9A1E7A4F7556}") = "Entidades", "Entidades\Entidades.csproj", "{2038A49C-B483-4163-9E7D-B3AC6AEFE68F}"
EndProject
Project("{9A19103F-16F7-4668-BE54-9A1E7A4F7556}") = "AplicacionForms", "AplicacionForms\AplicacionForms.csproj", "{41C73766-AF7B-4DAB-8B4B-8ECB68D7DC05}"
EndProject
Global
	GlobalSection(SolutionConfigurationPlatforms) = preSolution
		Debug|Any CPU = Debug|Any CPU
		Release|Any CPU = Release|Any CPU
	EndGlobalSection
	GlobalSection(ProjectConfigurationPlatforms) = postSolution
		{2038A49C-B483-4163-9E7D-B3AC6AEFE68F}.Debug|Any CPU.ActiveCfg = Debug|Any CPU
		{2038A49C-B483-4163-9E7D-B3AC6AEFE68F}.Debug|Any CPU.Build.0 = Debug|Any CPU
		{2038A49C-B483-4163-9E7D-B3AC6AEFE68F}.Release|Any CPU.ActiveCfg = Release|Any CPU
		{2038A49C-B483-4163-9E7D-B3AC6AEFE68F}.Release|Any CPU.Build.0 = Release|Any CPU
		{41C73766-AF7B-4DAB-8B4B-8ECB68D7DC05}.Debug|Any CPU.ActiveCfg = Debug|Any CPU
		{41C73766-AF7B-4DAB-8B4B-8ECB68D7DC05}.Debug|Any CPU.Build.0 = Debug|Any CPU
		{41C73766-AF7B-4DAB-8B4B-8ECB68D7DC05}.Release|Any CPU.ActiveCfg = Release|Any CPU
		{41C73766-AF7B-4DAB-8B4B-8ECB68D7DC05}.Release|Any CPU.Build.0 = Release|Any CPU
	EndGlobalSection
	GlobalSection(SolutionProperties) = preSolution
		HideSolutionNode = FALSE
	EndGlobalSection
	GlobalSection(ExtensibilityGlobals) = postSolution
		SolutionGuid = {E0D314CD-9340-4342-985C-62BDEE099980}
	EndGlobalSection
EndGlobal
